{
    "name": "@valkyrjaio/ts-template",
    "version": "26.0.21",
    "lockfileVersion": 3,
    "requires": true,
    "packages": {
        "": {
            "name": "@valkyrjaio/ts-template",
            "version": "26.0.21",
            "license": "MIT",
            "engines": {
                "node": ">=22"
            }
        }
    }
}
